{
  "name": "chat_app",
  "lockfileVersion": 3,
  "requires": true,
  "packages": {
    "": {
      "devDependencies": {
        "@types/node": "^20.4.9",
        "tslib": "^2.6.1"
      }
    },
    "node_modules/@types/node": {
      "version": "20.4.9",
      "resolved": "https://registry.npmjs.org/@types/node/-/node-20.4.9.tgz",
      "integrity": "sha512-8e2HYcg7ohnTUbHk8focoklEQYvemQmu9M/f43DZVx43kHn0tE3BY/6gSDxS7k0SprtS0NHvj+L80cGLnoOUcQ==",
      "dev": true
    },
    "node_modules/tslib": {
      "version": "2.6.1",
      "resolved": "https://registry.npmjs.org/tslib/-/tslib-2.6.1.tgz",
      "integrity": "sha512-t0hLfiEKfMUoqhG+U1oid7Pva4bbDPHYfJNiB7BiIjRkj1pyC++4N3huJfqY6aRH6VTB0rvtzQwjM4K6qpfOig==",
      "dev": true
    }
  }
}
